// !$*UTF8*$!
{
	archiveVersion = 1;
	classes = {
	};
	objectVersion = 55;
	objects = {

/* Begin PBXBuildFile section */
		7A53A6EA285148E9000EF315 /* Tests_iOS.swift in Sources */ = {isa = PBXBuildFile; fileRef = 7A53A6E9285148E9000EF315 /* Tests_iOS.swift */; };
		7A53A6EC285148E9000EF315 /* Tests_iOSLaunchTests.swift in Sources */ = {isa = PBXBuildFile; fileRef = 7A53A6EB285148E9000EF315 /* Tests_iOSLaunchTests.swift */; };
		7A53A6F6285148E9000EF315 /* Tests_macOS.swift in Sources */ = {isa = PBXBuildFile; fileRef = 7A53A6F5285148E9000EF315 /* Tests_macOS.swift */; };
		7A53A6F8285148E9000EF315 /* Tests_macOSLaunchTests.swift in Sources */ = {isa = PBXBuildFile; fileRef = 7A53A6F7285148E9000EF315 /* Tests_macOSLaunchTests.swift */; };
		7A53A6F9285148E9000EF315 /* Political_IniquisitionApp.swift in Sources */ = {isa = PBXBuildFile; fileRef = 7A53A6D1285148E7000EF315 /* Political_IniquisitionApp.swift */; };
		7A53A6FA285148E9000EF315 /* Political_IniquisitionApp.swift in Sources */ = {isa = PBXBuildFile; fileRef = 7A53A6D1285148E7000EF315 /* Political_IniquisitionApp.swift */; };
		7A53A6FB285148E9000EF315 /* ContentView.swift in Sources */ = {isa = PBXBuildFile; fileRef = 7A53A6D2285148E7000EF315 /* ContentView.swift */; };
		7A53A6FC285148E9000EF315 /* ContentView.swift in Sources */ = {isa = PBXBuildFile; fileRef = 7A53A6D2285148E7000EF315 /* ContentView.swift */; };
		7A53A6FD285148E9000EF315 /* Assets.xcassets in Resources */ = {isa = PBXBuildFile; fileRef = 7A53A6D3285148E9000EF315 /* Assets.xcassets */; };
		7A53A6FE285148E9000EF315 /* Assets.xcassets in Resources */ = {isa = PBXBuildFile; fileRef = 7A53A6D3285148E9000EF315 /* Assets.xcassets */; };
		7A53A70E285149E5000EF315 /* .gitignore in Resources */ = {isa = PBXBuildFile; fileRef = 7A53A70D285149E5000EF315 /* .gitignore */; };
		7A53A71028514A1D000EF315 /* .gitattributes in Resources */ = {isa = PBXBuildFile; fileRef = 7A53A70F28514A1D000EF315 /* .gitattributes */; };
		7A76DB9728514E100053D794 /* Map.swift in Sources */ = {isa = PBXBuildFile; fileRef = 7A76DB9628514E100053D794 /* Map.swift */; };
		7A76DB9828514E100053D794 /* Map.swift in Sources */ = {isa = PBXBuildFile; fileRef = 7A76DB9628514E100053D794 /* Map.swift */; };
/* End PBXBuildFile section */

/* Begin PBXContainerItemProxy section */
		7A53A6E6285148E9000EF315 /* PBXContainerItemProxy */ = {
			isa = PBXContainerItemProxy;
			containerPortal = 7A53A6CC285148E7000EF315 /* Project object */;
			proxyType = 1;
			remoteGlobalIDString = 7A53A6D7285148E9000EF315;
			remoteInfo = "Political Iniquisition (iOS)";
		};
		7A53A6F2285148E9000EF315 /* PBXContainerItemProxy */ = {
			isa = PBXContainerItemProxy;
			containerPortal = 7A53A6CC285148E7000EF315 /* Project object */;
			proxyType = 1;
			remoteGlobalIDString = 7A53A6DD285148E9000EF315;
			remoteInfo = "Political Iniquisition (macOS)";
		};
/* End PBXContainerItemProxy section */

/* Begin PBXFileReference section */
		7A53A6D1285148E7000EF315 /* Political_IniquisitionApp.swift */ = {isa = PBXFileReference; lastKnownFileType = sourcecode.swift; path = Political_IniquisitionApp.swift; sourceTree = "<group>"; };
		7A53A6D2285148E7000EF315 /* ContentView.swift */ = {isa = PBXFileReference; lastKnownFileType = sourcecode.swift; path = ContentView.swift; sourceTree = "<group>"; };
		7A53A6D3285148E9000EF315 /* Assets.xcassets */ = {isa = PBXFileReference; lastKnownFileType = folder.assetcatalog; path = Assets.xcassets; sourceTree = "<group>"; };
		7A53A6D8285148E9000EF315 /* Political Iniquisition.app */ = {isa = PBXFileReference; explicitFileType = wrapper.application; includeInIndex = 0; path = "Political Iniquisition.app"; sourceTree = BUILT_PRODUCTS_DIR; };
		7A53A6DE285148E9000EF315 /* Political Iniquisition.app */ = {isa = PBXFileReference; explicitFileType = wrapper.application; includeInIndex = 0; path = "Political Iniquisition.app"; sourceTree = BUILT_PRODUCTS_DIR; };
		7A53A6E0285148E9000EF315 /* macOS.entitlements */ = {isa = PBXFileReference; lastKnownFileType = text.plist.entitlements; path = macOS.entitlements; sourceTree = "<group>"; };
		7A53A6E5285148E9000EF315 /* Tests iOS.xctest */ = {isa = PBXFileReference; explicitFileType = wrapper.cfbundle; includeInIndex = 0; path = "Tests iOS.xctest"; sourceTree = BUILT_PRODUCTS_DIR; };
		7A53A6E9285148E9000EF315 /* Tests_iOS.swift */ = {isa = PBXFileReference; lastKnownFileType = sourcecode.swift; path = Tests_iOS.swift; sourceTree = "<group>"; };
		7A53A6EB285148E9000EF315 /* Tests_iOSLaunchTests.swift */ = {isa = PBXFileReference; lastKnownFileType = sourcecode.swift; path = Tests_iOSLaunchTests.swift; sourceTree = "<group>"; };
		7A53A6F1285148E9000EF315 /* Tests macOS.xctest */ = {isa = PBXFileReference; explicitFileType = wrapper.cfbundle; includeInIndex = 0; path = "Tests macOS.xctest"; sourceTree = BUILT_PRODUCTS_DIR; };
		7A53A6F5285148E9000EF315 /* Tests_macOS.swift */ = {isa = PBXFileReference; lastKnownFileType = sourcecode.swift; path = Tests_macOS.swift; sourceTree = "<group>"; };
		7A53A6F7285148E9000EF315 /* Tests_macOSLaunchTests.swift */ = {isa = PBXFileReference; lastKnownFileType = sourcecode.swift; path = Tests_macOSLaunchTests.swift; sourceTree = "<group>"; };
		7A53A70D285149E5000EF315 /* .gitignore */ = {isa = PBXFileReference; lastKnownFileType = text; path = .gitignore; sourceTree = "<group>"; };
		7A53A70F28514A1D000EF315 /* .gitattributes */ = {isa = PBXFileReference; lastKnownFileType = text; path = .gitattributes; sourceTree = "<group>"; };
		7A76DB9628514E100053D794 /* Map.swift */ = {isa = PBXFileReference; lastKnownFileType = sourcecode.swift; path = Map.swift; sourceTree = "<group>"; };
/* End PBXFileReference section */

/* Begin PBXFrameworksBuildPhase section */
		7A53A6D5285148E9000EF315 /* Frameworks */ = {
			isa = PBXFrameworksBuildPhase;
			buildActionMask = 2147483647;
			files = (
			);
			runOnlyForDeploymentPostprocessing = 0;
		};
		7A53A6DB285148E9000EF315 /* Frameworks */ = {
			isa = PBXFrameworksBuildPhase;
			buildActionMask = 2147483647;
			files = (
			);
			runOnlyForDeploymentPostprocessing = 0;
		};
		7A53A6E2285148E9000EF315 /* Frameworks */ = {
			isa = PBXFrameworksBuildPhase;
			buildActionMask = 2147483647;
			files = (
			);
			runOnlyForDeploymentPostprocessing = 0;
		};
		7A53A6EE285148E9000EF315 /* Frameworks */ = {
			isa = PBXFrameworksBuildPhase;
			buildActionMask = 2147483647;
			files = (
			);
			runOnlyForDeploymentPostprocessing = 0;
		};
/* End PBXFrameworksBuildPhase section */

/* Begin PBXGroup section */
		7A53A6CB285148E7000EF315 = {
			isa = PBXGroup;
			children = (
				7A53A70F28514A1D000EF315 /* .gitattributes */,
				7A53A70D285149E5000EF315 /* .gitignore */,
				7A53A6D0285148E7000EF315 /* Shared */,
				7A53A6DF285148E9000EF315 /* macOS */,
				7A53A6E8285148E9000EF315 /* Tests iOS */,
				7A53A6F4285148E9000EF315 /* Tests macOS */,
				7A53A6D9285148E9000EF315 /* Products */,
			);
			sourceTree = "<group>";
		};
		7A53A6D0285148E7000EF315 /* Shared */ = {
			isa = PBXGroup;
			children = (
				7A53A6D1285148E7000EF315 /* Political_IniquisitionApp.swift */,
				7A53A6D2285148E7000EF315 /* ContentView.swift */,
				7A53A6D3285148E9000EF315 /* Assets.xcassets */,
				7A76DB9628514E100053D794 /* Map.swift */,
			);
			path = Shared;
			sourceTree = "<group>";
		};
		7A53A6D9285148E9000EF315 /* Products */ = {
			isa = PBXGroup;
			children = (
				7A53A6D8285148E9000EF315 /* Political Iniquisition.app */,
				7A53A6DE285148E9000EF315 /* Political Iniquisition.app */,
				7A53A6E5285148E9000EF315 /* Tests iOS.xctest */,
				7A53A6F1285148E9000EF315 /* Tests macOS.xctest */,
			);
			name = Products;
			sourceTree = "<group>";
		};
		7A53A6DF285148E9000EF315 /* macOS */ = {
			isa = PBXGroup;
			children = (
				7A53A6E0285148E9000EF315 /* macOS.entitlements */,
			);
			path = macOS;
			sourceTree = "<group>";
		};
		7A53A6E8285148E9000EF315 /* Tests iOS */ = {
			isa = PBXGroup;
			children = (
				7A53A6E9285148E9000EF315 /* Tests_iOS.swift */,
				7A53A6EB285148E9000EF315 /* Tests_iOSLaunchTests.swift */,
			);
			path = "Tests iOS";
			sourceTree = "<group>";
		};
		7A53A6F4285148E9000EF315 /* Tests macOS */ = {
			isa = PBXGroup;
			children = (
				7A53A6F5285148E9000EF315 /* Tests_macOS.swift */,
				7A53A6F7285148E9000EF315 /* Tests_macOSLaunchTests.swift */,
			);
			path = "Tests macOS";
			sourceTree = "<group>";
		};
/* End PBXGroup section */

/* Begin PBXNativeTarget section */
		7A53A6D7285148E9000EF315 /* Political Iniquisition (iOS) */ = {
			isa = PBXNativeTarget;
			buildConfigurationList = 7A53A701285148E9000EF315 /* Build configuration list for PBXNativeTarget "Political Iniquisition (iOS)" */;
			buildPhases = (
				7A53A6D4285148E9000EF315 /* Sources */,
				7A53A6D5285148E9000EF315 /* Frameworks */,
				7A53A6D6285148E9000EF315 /* Resources */,
			);
			buildRules = (
			);
			dependencies = (
			);
			name = "Political Iniquisition (iOS)";
			productName = "Political Iniquisition (iOS)";
			productReference = 7A53A6D8285148E9000EF315 /* Political Iniquisition.app */;
			productType = "com.apple.product-type.application";
		};
		7A53A6DD285148E9000EF315 /* Political Iniquisition (macOS) */ = {
			isa = PBXNativeTarget;
			buildConfigurationList = 7A53A704285148E9000EF315 /* Build configuration list for PBXNativeTarget "Political Iniquisition (macOS)" */;
			buildPhases = (
				7A53A6DA285148E9000EF315 /* Sources */,
				7A53A6DB285148E9000EF315 /* Frameworks */,
				7A53A6DC285148E9000EF315 /* Resources */,
			);
			buildRules = (
			);
			dependencies = (
			);
			name = "Political Iniquisition (macOS)";
			productName = "Political Iniquisition (macOS)";
			productReference = 7A53A6DE285148E9000EF315 /* Political Iniquisition.app */;
			productType = "com.apple.product-type.application";
		};
		7A53A6E4285148E9000EF315 /* Tests iOS */ = {
			isa = PBXNativeTarget;
			buildConfigurationList = 7A53A707285148E9000EF315 /* Build configuration list for PBXNativeTarget "Tests iOS" */;
			buildPhases = (
				7A53A6E1285148E9000EF315 /* Sources */,
				7A53A6E2285148E9000EF315 /* Frameworks */,
				7A53A6E3285148E9000EF315 /* Resources */,
			);
			buildRules = (
			);
			dependencies = (
				7A53A6E7285148E9000EF315 /* PBXTargetDependency */,
			);
			name = "Tests iOS";
			productName = "Tests iOS";
			productReference = 7A53A6E5285148E9000EF315 /* Tests iOS.xctest */;
			productType = "com.apple.product-type.bundle.ui-testing";
		};
		7A53A6F0285148E9000EF315 /* Tests macOS */ = {
			isa = PBXNativeTarget;
			buildConfigurationList = 7A53A70A285148E9000EF315 /* Build configuration list for PBXNativeTarget "Tests macOS" */;
			buildPhases = (
				7A53A6ED285148E9000EF315 /* Sources */,
				7A53A6EE285148E9000EF315 /* Frameworks */,
				7A53A6EF285148E9000EF315 /* Resources */,
			);
			buildRules = (
			);
			dependencies = (
				7A53A6F3285148E9000EF315 /* PBXTargetDependency */,
			);
			name = "Tests macOS";
			productName = "Tests macOS";
			productReference = 7A53A6F1285148E9000EF315 /* Tests macOS.xctest */;
			productType = "com.apple.product-type.bundle.ui-testing";
		};
/* End PBXNativeTarget section */

/* Begin PBXProject section */
		7A53A6CC285148E7000EF315 /* Project object */ = {
			isa = PBXProject;
			attributes = {
				BuildIndependentTargetsInParallel = 1;
				LastSwiftUpdateCheck = 1340;
				LastUpgradeCheck = 1340;
				TargetAttributes = {
					7A53A6D7285148E9000EF315 = {
						CreatedOnToolsVersion = 13.4;
					};
					7A53A6DD285148E9000EF315 = {
						CreatedOnToolsVersion = 13.4;
					};
					7A53A6E4285148E9000EF315 = {
						CreatedOnToolsVersion = 13.4;
						TestTargetID = 7A53A6D7285148E9000EF315;
					};
					7A53A6F0285148E9000EF315 = {
						CreatedOnToolsVersion = 13.4;
						TestTargetID = 7A53A6DD285148E9000EF315;
					};
				};
			};
			buildConfigurationList = 7A53A6CF285148E7000EF315 /* Build configuration list for PBXProject "Political Iniquisition" */;
			compatibilityVersion = "Xcode 13.0";
			developmentRegion = en;
			hasScannedForEncodings = 0;
			knownRegions = (
				en,
				Base,
			);
			mainGroup = 7A53A6CB285148E7000EF315;
			productRefGroup = 7A53A6D9285148E9000EF315 /* Products */;
			projectDirPath = "";
			projectRoot = "";
			targets = (
				7A53A6D7285148E9000EF315 /* Political Iniquisition (iOS) */,
				7A53A6DD285148E9000EF315 /* Political Iniquisition (macOS) */,
				7A53A6E4285148E9000EF315 /* Tests iOS */,
				7A53A6F0285148E9000EF315 /* Tests macOS */,
			);
		};
/* End PBXProject section */

/* Begin PBXResourcesBuildPhase section */
		7A53A6D6285148E9000EF315 /* Resources */ = {
			isa = PBXResourcesBuildPhase;
			buildActionMask = 2147483647;
			files = (
				7A53A70E285149E5000EF315 /* .gitignore in Resources */,
				7A53A71028514A1D000EF315 /* .gitattributes in Resources */,
				7A53A6FD285148E9000EF315 /* Assets.xcassets in Resources */,
			);
			runOnlyForDeploymentPostprocessing = 0;
		};
		7A53A6DC285148E9000EF315 /* Resources */ = {
			isa = PBXResourcesBuildPhase;
			buildActionMask = 2147483647;
			files = (
				7A53A6FE285148E9000EF315 /* Assets.xcassets in Resources */,
			);
			runOnlyForDeploymentPostprocessing = 0;
		};
		7A53A6E3285148E9000EF315 /* Resources */ = {
			isa = PBXResourcesBuildPhase;
			buildActionMask = 2147483647;
			files = (
			);
			runOnlyForDeploymentPostprocessing = 0;
		};
		7A53A6EF285148E9000EF315 /* Resources */ = {
			isa = PBXResourcesBuildPhase;
			buildActionMask = 2147483647;
			files = (
			);
			runOnlyForDeploymentPostprocessing = 0;
		};
/* End PBXResourcesBuildPhase section */

/* Begin PBXSourcesBuildPhase section */
		7A53A6D4285148E9000EF315 /* Sources */ = {
			isa = PBXSourcesBuildPhase;
			buildActionMask = 2147483647;
			files = (
				7A53A6FB285148E9000EF315 /* ContentView.swift in Sources */,
				7A76DB9728514E100053D794 /* Map.swift in Sources */,
				7A53A6F9285148E9000EF315 /* Political_IniquisitionApp.swift in Sources */,
			);
			runOnlyForDeploymentPostprocessing = 0;
		};
		7A53A6DA285148E9000EF315 /* Sources */ = {
			isa = PBXSourcesBuildPhase;
			buildActionMask = 2147483647;
			files = (
				7A53A6FC285148E9000EF315 /* ContentView.swift in Sources */,
				7A76DB9828514E100053D794 /* Map.swift in Sources */,
				7A53A6FA285148E9000EF315 /* Political_IniquisitionApp.swift in Sources */,
			);
			runOnlyForDeploymentPostprocessing = 0;
		};
		7A53A6E1285148E9000EF315 /* Sources */ = {
			isa = PBXSourcesBuildPhase;
			buildActionMask = 2147483647;
			files = (
				7A53A6EC285148E9000EF315 /* Tests_iOSLaunchTests.swift in Sources */,
				7A53A6EA285148E9000EF315 /* Tests_iOS.swift in Sources */,
			);
			runOnlyForDeploymentPostprocessing = 0;
		};
		7A53A6ED285148E9000EF315 /* Sources */ = {
			isa = PBXSourcesBuildPhase;
			buildActionMask = 2147483647;
			files = (
				7A53A6F8285148E9000EF315 /* Tests_macOSLaunchTests.swift in Sources */,
				7A53A6F6285148E9000EF315 /* Tests_macOS.swift in Sources */,
			);
			runOnlyForDeploymentPostprocessing = 0;
		};
/* End PBXSourcesBuildPhase section */

/* Begin PBXTargetDependency section */
		7A53A6E7285148E9000EF315 /* PBXTargetDependency */ = {
			isa = PBXTargetDependency;
			target = 7A53A6D7285148E9000EF315 /* Political Iniquisition (iOS) */;
			targetProxy = 7A53A6E6285148E9000EF315 /* PBXContainerItemProxy */;
		};
		7A53A6F3285148E9000EF315 /* PBXTargetDependency */ = {
			isa = PBXTargetDependency;
			target = 7A53A6DD285148E9000EF315 /* Political Iniquisition (macOS) */;
			targetProxy = 7A53A6F2285148E9000EF315 /* PBXContainerItemProxy */;
		};
/* End PBXTargetDependency section */

/* Begin XCBuildConfiguration section */
		7A53A6FF285148E9000EF315 /* Debug */ = {
			isa = XCBuildConfiguration;
			buildSettings = {
				ALWAYS_SEARCH_USER_PATHS = NO;
				CLANG_ANALYZER_NONNULL = YES;
				CLANG_ANALYZER_NUMBER_OBJECT_CONVERSION = YES_AGGRESSIVE;
				CLANG_CXX_LANGUAGE_STANDARD = "gnu++17";
				CLANG_ENABLE_MODULES = YES;
				CLANG_ENABLE_OBJC_ARC = YES;
				CLANG_ENABLE_OBJC_WEAK = YES;
				CLANG_WARN_BLOCK_CAPTURE_AUTORELEASING = YES;
				CLANG_WARN_BOOL_CONVERSION = YES;
				CLANG_WARN_COMMA = YES;
				CLANG_WARN_CONSTANT_CONVERSION = YES;
				CLANG_WARN_DEPRECATED_OBJC_IMPLEMENTATIONS = YES;
				CLANG_WARN_DIRECT_OBJC_ISA_USAGE = YES_ERROR;
				CLANG_WARN_DOCUMENTATION_COMMENTS = YES;
				CLANG_WARN_EMPTY_BODY = YES;
				CLANG_WARN_ENUM_CONVERSION = YES;
				CLANG_WARN_INFINITE_RECURSION = YES;
				CLANG_WARN_INT_CONVERSION = YES;
				CLANG_WARN_NON_LITERAL_NULL_CONVERSION = YES;
				CLANG_WARN_OBJC_IMPLICIT_RETAIN_SELF = YES;
				CLANG_WARN_OBJC_LITERAL_CONVERSION = YES;
				CLANG_WARN_OBJC_ROOT_CLASS = YES_ERROR;
				CLANG_WARN_QUOTED_INCLUDE_IN_FRAMEWORK_HEADER = YES;
				CLANG_WARN_RANGE_LOOP_ANALYSIS = YES;
				CLANG_WARN_STRICT_PROTOTYPES = YES;
				CLANG_WARN_SUSPICIOUS_MOVE = YES;
				CLANG_WARN_UNGUARDED_AVAILABILITY = YES_AGGRESSIVE;
				CLANG_WARN_UNREACHABLE_CODE = YES;
				CLANG_WARN__DUPLICATE_METHOD_MATCH = YES;
				COPY_PHASE_STRIP = NO;
				DEBUG_INFORMATION_FORMAT = dwarf;
				ENABLE_STRICT_OBJC_MSGSEND = YES;
				ENABLE_TESTABILITY = YES;
				GCC_C_LANGUAGE_STANDARD = gnu11;
				GCC_DYNAMIC_NO_PIC = NO;
				GCC_NO_COMMON_BLOCKS = YES;
				GCC_OPTIMIZATION_LEVEL = 0;
				GCC_PREPROCESSOR_DEFINITIONS = (
					"DEBUG=1",
					"$(inherited)",
				);
				GCC_WARN_64_TO_32_BIT_CONVERSION = YES;
				GCC_WARN_ABOUT_RETURN_TYPE = YES_ERROR;
				GCC_WARN_UNDECLARED_SELECTOR = YES;
				GCC_WARN_UNINITIALIZED_AUTOS = YES_AGGRESSIVE;
				GCC_WARN_UNUSED_FUNCTION = YES;
				GCC_WARN_UNUSED_VARIABLE = YES;
				MTL_ENABLE_DEBUG_INFO = INCLUDE_SOURCE;
				MTL_FAST_MATH = YES;
				ONLY_ACTIVE_ARCH = YES;
				SWIFT_ACTIVE_COMPILATION_CONDITIONS = DEBUG;
				SWIFT_OPTIMIZATION_LEVEL = "-Onone";
			};
			name = Debug;
		};
		7A53A700285148E9000EF315 /* Release */ = {
			isa = XCBuildConfiguration;
			buildSettings = {
				ALWAYS_SEARCH_USER_PATHS = NO;
				CLANG_ANALYZER_NONNULL = YES;
				CLANG_ANALYZER_NUMBER_OBJECT_CONVERSION = YES_AGGRESSIVE;
				CLANG_CXX_LANGUAGE_STANDARD = "gnu++17";
				CLANG_ENABLE_MODULES = YES;
				CLANG_ENABLE_OBJC_ARC = YES;
				CLANG_ENABLE_OBJC_WEAK = YES;
				CLANG_WARN_BLOCK_CAPTURE_AUTORELEASING = YES;
				CLANG_WARN_BOOL_CONVERSION = YES;
				CLANG_WARN_COMMA = YES;
				CLANG_WARN_CONSTANT_CONVERSION = YES;
				CLANG_WARN_DEPRECATED_OBJC_IMPLEMENTATIONS = YES;
				CLANG_WARN_DIRECT_OBJC_ISA_USAGE = YES_ERROR;
				CLANG_WARN_DOCUMENTATION_COMMENTS = YES;
				CLANG_WARN_EMPTY_BODY = YES;
				CLANG_WARN_ENUM_CONVERSION = YES;
				CLANG_WARN_INFINITE_RECURSION = YES;
				CLANG_WARN_INT_CONVERSION = YES;
				CLANG_WARN_NON_LITERAL_NULL_CONVERSION = YES;
				CLANG_WARN_OBJC_IMPLICIT_RETAIN_SELF = YES;
				CLANG_WARN_OBJC_LITERAL_CONVERSION = YES;
				CLANG_WARN_OBJC_ROOT_CLASS = YES_ERROR;
				CLANG_WARN_QUOTED_INCLUDE_IN_FRAMEWORK_HEADER = YES;
				CLANG_WARN_RANGE_LOOP_ANALYSIS = YES;
				CLANG_WARN_STRICT_PROTOTYPES = YES;
				CLANG_WARN_SUSPICIOUS_MOVE = YES;
				CLANG_WARN_UNGUARDED_AVAILABILITY = YES_AGGRESSIVE;
				CLANG_WARN_UNREACHABLE_CODE = YES;
				CLANG_WARN__DUPLICATE_METHOD_MATCH = YES;
				COPY_PHASE_STRIP = NO;
				DEBUG_INFORMATION_FORMAT = "dwarf-with-dsym";
				ENABLE_NS_ASSERTIONS = NO;
				ENABLE_STRICT_OBJC_MSGSEND = YES;
				GCC_C_LANGUAGE_STANDARD = gnu11;
				GCC_NO_COMMON_BLOCKS = YES;
				GCC_WARN_64_TO_32_BIT_CONVERSION = YES;
				GCC_WARN_ABOUT_RETURN_TYPE = YES_ERROR;
				GCC_WARN_UNDECLARED_SELECTOR = YES;
				GCC_WARN_UNINITIALIZED_AUTOS = YES_AGGRESSIVE;
				GCC_WARN_UNUSED_FUNCTION = YES;
				GCC_WARN_UNUSED_VARIABLE = YES;
				MTL_ENABLE_DEBUG_INFO = NO;
				MTL_FAST_MATH = YES;
				SWIFT_COMPILATION_MODE = wholemodule;
				SWIFT_OPTIMIZATION_LEVEL = "-O";
			};
			name = Release;
		};
		7A53A702285148E9000EF315 /* Debug */ = {
			isa = XCBuildConfiguration;
			buildSettings = {
				ASSETCATALOG_COMPILER_APPICON_NAME = AppIcon;
				ASSETCATALOG_COMPILER_GLOBAL_ACCENT_COLOR_NAME = AccentColor;
				CODE_SIGN_STYLE = Automatic;
				CURRENT_PROJECT_VERSION = 1;
				DEVELOPMENT_TEAM = DPPYL76N85;
				ENABLE_PREVIEWS = YES;
				GENERATE_INFOPLIST_FILE = YES;
				INFOPLIST_KEY_UIApplicationSceneManifest_Generation = YES;
				INFOPLIST_KEY_UIApplicationSupportsIndirectInputEvents = YES;
				INFOPLIST_KEY_UILaunchScreen_Generation = YES;
				INFOPLIST_KEY_UISupportedInterfaceOrientations_iPad = "UIInterfaceOrientationPortrait UIInterfaceOrientationPortraitUpsideDown UIInterfaceOrientationLandscapeLeft UIInterfaceOrientationLandscapeRight";
				INFOPLIST_KEY_UISupportedInterfaceOrientations_iPhone = "UIInterfaceOrientationPortrait UIInterfaceOrientationLandscapeLeft UIInterfaceOrientationLandscapeRight";
				IPHONEOS_DEPLOYMENT_TARGET = 15.5;
				LD_RUNPATH_SEARCH_PATHS = (
					"$(inherited)",
					"@executable_path/Frameworks",
				);
				MARKETING_VERSION = 1.0;
				PRODUCT_BUNDLE_IDENTIFIER = "edu.fullerton.ecs.Political-Iniquisition";
				PRODUCT_NAME = "Political Iniquisition";
				SDKROOT = iphoneos;
				SWIFT_EMIT_LOC_STRINGS = YES;
				SWIFT_VERSION = 5.0;
				TARGETED_DEVICE_FAMILY = "1,2";
			};
			name = Debug;
		};
		7A53A703285148E9000EF315 /* Release */ = {
			isa = XCBuildConfiguration;
			buildSettings = {
				ASSETCATALOG_COMPILER_APPICON_NAME = AppIcon;
				ASSETCATALOG_COMPILER_GLOBAL_ACCENT_COLOR_NAME = AccentColor;
				CODE_SIGN_STYLE = Automatic;
				CURRENT_PROJECT_VERSION = 1;
				DEVELOPMENT_TEAM = DPPYL76N85;
				ENABLE_PREVIEWS = YES;
				GENERATE_INFOPLIST_FILE = YES;
				INFOPLIST_KEY_UIApplicationSceneManifest_Generation = YES;
				INFOPLIST_KEY_UIApplicationSupportsIndirectInputEvents = YES;
				INFOPLIST_KEY_UILaunchScreen_Generation = YES;
				INFOPLIST_KEY_UISupportedInterfaceOrientations_iPad = "UIInterfaceOrientationPortrait UIInterfaceOrientationPortraitUpsideDown UIInterfaceOrientationLandscapeLeft UIInterfaceOrientationLandscapeRight";
				INFOPLIST_KEY_UISupportedInterfaceOrientations_iPhone = "UIInterfaceOrientationPortrait UIInterfaceOrientationLandscapeLeft UIInterfaceOrientationLandscapeRight";
				IPHONEOS_DEPLOYMENT_TARGET = 15.5;
				LD_RUNPATH_SEARCH_PATHS = (
					"$(inherited)",
					"@executable_path/Frameworks",
				);
				MARKETING_VERSION = 1.0;
				PRODUCT_BUNDLE_IDENTIFIER = "edu.fullerton.ecs.Political-Iniquisition";
				PRODUCT_NAME = "Political Iniquisition";
				SDKROOT = iphoneos;
				SWIFT_EMIT_LOC_STRINGS = YES;
				SWIFT_VERSION = 5.0;
				TARGETED_DEVICE_FAMILY = "1,2";
				VALIDATE_PRODUCT = YES;
			};
			name = Release;
		};
		7A53A705285148E9000EF315 /* Debug */ = {
			isa = XCBuildConfiguration;
			buildSettings = {
				ASSETCATALOG_COMPILER_APPICON_NAME = AppIcon;
				ASSETCATALOG_COMPILER_GLOBAL_ACCENT_COLOR_NAME = AccentColor;
				CODE_SIGN_ENTITLEMENTS = macOS/macOS.entitlements;
				CODE_SIGN_STYLE = Automatic;
				COMBINE_HIDPI_IMAGES = YES;
				CURRENT_PROJECT_VERSION = 1;
				DEVELOPMENT_TEAM = DPPYL76N85;
				ENABLE_HARDENED_RUNTIME = YES;
				ENABLE_PREVIEWS = YES;
				GENERATE_INFOPLIST_FILE = YES;
				INFOPLIST_KEY_NSHumanReadableCopyright = "";
				LD_RUNPATH_SEARCH_PATHS = (
					"$(inherited)",
					"@executable_path/../Frameworks",
				);
				MACOSX_DEPLOYMENT_TARGET = 12.3;
				MARKETING_VERSION = 1.0;
				PRODUCT_BUNDLE_IDENTIFIER = "edu.fullerton.ecs.Political-Iniquisition";
				PRODUCT_NAME = "Political Iniquisition";
				SDKROOT = macosx;
				SWIFT_EMIT_LOC_STRINGS = YES;
				SWIFT_VERSION = 5.0;
			};
			name = Debug;
		};
		7A53A706285148E9000EF315 /* Release */ = {
			isa = XCBuildConfiguration;
			buildSettings = {
				ASSETCATALOG_COMPILER_APPICON_NAME = AppIcon;
				ASSETCATALOG_COMPILER_GLOBAL_ACCENT_COLOR_NAME = AccentColor;
				CODE_SIGN_ENTITLEMENTS = macOS/macOS.entitlements;
				CODE_SIGN_STYLE = Automatic;
				COMBINE_HIDPI_IMAGES = YES;
				CURRENT_PROJECT_VERSION = 1;
				DEVELOPMENT_TEAM = DPPYL76N85;
				ENABLE_HARDENED_RUNTIME = YES;
				ENABLE_PREVIEWS = YES;
				GENERATE_INFOPLIST_FILE = YES;
				INFOPLIST_KEY_NSHumanReadableCopyright = "";
				LD_RUNPATH_SEARCH_PATHS = (
					"$(inherited)",
					"@executable_path/../Frameworks",
				);
				MACOSX_DEPLOYMENT_TARGET = 12.3;
				MARKETING_VERSION = 1.0;
				PRODUCT_BUNDLE_IDENTIFIER = "edu.fullerton.ecs.Political-Iniquisition";
				PRODUCT_NAME = "Political Iniquisition";
				SDKROOT = macosx;
				SWIFT_EMIT_LOC_STRINGS = YES;
				SWIFT_VERSION = 5.0;
			};
			name = Release;
		};
		7A53A708285148E9000EF315 /* Debug */ = {
			isa = XCBuildConfiguration;
			buildSettings = {
				ALWAYS_EMBED_SWIFT_STANDARD_LIBRARIES = YES;
				CODE_SIGN_STYLE = Automatic;
				CURRENT_PROJECT_VERSION = 1;
				DEVELOPMENT_TEAM = DPPYL76N85;
				GENERATE_INFOPLIST_FILE = YES;
				IPHONEOS_DEPLOYMENT_TARGET = 15.5;
				MARKETING_VERSION = 1.0;
				PRODUCT_BUNDLE_IDENTIFIER = "edu.fullerton.ecs.Tests-iOS";
				PRODUCT_NAME = "$(TARGET_NAME)";
				SDKROOT = iphoneos;
				SWIFT_EMIT_LOC_STRINGS = NO;
				SWIFT_VERSION = 5.0;
				TARGETED_DEVICE_FAMILY = "1,2";
				TEST_TARGET_NAME = "Political Iniquisition (iOS)";
			};
			name = Debug;
		};
		7A53A709285148E9000EF315 /* Release */ = {
			isa = XCBuildConfiguration;
			buildSettings = {
				ALWAYS_EMBED_SWIFT_STANDARD_LIBRARIES = YES;
				CODE_SIGN_STYLE = Automatic;
				CURRENT_PROJECT_VERSION = 1;
				DEVELOPMENT_TEAM = DPPYL76N85;
				GENERATE_INFOPLIST_FILE = YES;
				IPHONEOS_DEPLOYMENT_TARGET = 15.5;
				MARKETING_VERSION = 1.0;
				PRODUCT_BUNDLE_IDENTIFIER = "edu.fullerton.ecs.Tests-iOS";
				PRODUCT_NAME = "$(TARGET_NAME)";
				SDKROOT = iphoneos;
				SWIFT_EMIT_LOC_STRINGS = NO;
				SWIFT_VERSION = 5.0;
				TARGETED_DEVICE_FAMILY = "1,2";
				TEST_TARGET_NAME = "Political Iniquisition (iOS)";
				VALIDATE_PRODUCT = YES;
			};
			name = Release;
		};
		7A53A70B285148E9000EF315 /* Debug */ = {
			isa = XCBuildConfiguration;
			buildSettings = {
				ALWAYS_EMBED_SWIFT_STANDARD_LIBRARIES = YES;
				CODE_SIGN_STYLE = Automatic;
				CURRENT_PROJECT_VERSION = 1;
				DEVELOPMENT_TEAM = DPPYL76N85;
				GENERATE_INFOPLIST_FILE = YES;
				MACOSX_DEPLOYMENT_TARGET = 12.3;
				MARKETING_VERSION = 1.0;
				PRODUCT_BUNDLE_IDENTIFIER = "edu.fullerton.ecs.Tests-macOS";
				PRODUCT_NAME = "$(TARGET_NAME)";
				SDKROOT = macosx;
				SWIFT_EMIT_LOC_STRINGS = NO;
				SWIFT_VERSION = 5.0;
				TEST_TARGET_NAME = "Political Iniquisition (macOS)";
			};
			name = Debug;
		};
		7A53A70C285148E9000EF315 /* Release */ = {
			isa = XCBuildConfiguration;
			buildSettings = {
				ALWAYS_EMBED_SWIFT_STANDARD_LIBRARIES = YES;
				CODE_SIGN_STYLE = Automatic;
				CURRENT_PROJECT_VERSION = 1;
				DEVELOPMENT_TEAM = DPPYL76N85;
				GENERATE_INFOPLIST_FILE = YES;
				MACOSX_DEPLOYMENT_TARGET = 12.3;
				MARKETING_VERSION = 1.0;
				PRODUCT_BUNDLE_IDENTIFIER = "edu.fullerton.ecs.Tests-macOS";
				PRODUCT_NAME = "$(TARGET_NAME)";
				SDKROOT = macosx;
				SWIFT_EMIT_LOC_STRINGS = NO;
				SWIFT_VERSION = 5.0;
				TEST_TARGET_NAME = "Political Iniquisition (macOS)";
			};
			name = Release;
		};
/* End XCBuildConfiguration section */

/* Begin XCConfigurationList section */
		7A53A6CF285148E7000EF315 /* Build configuration list for PBXProject "Political Iniquisition" */ = {
			isa = XCConfigurationList;
			buildConfigurations = (
				7A53A6FF285148E9000EF315 /* Debug */,
				7A53A700285148E9000EF315 /* Release */,
			);
			defaultConfigurationIsVisible = 0;
			defaultConfigurationName = Release;
		};
		7A53A701285148E9000EF315 /* Build configuration list for PBXNativeTarget "Political Iniquisition (iOS)" */ = {
			isa = XCConfigurationList;
			buildConfigurations = (
				7A53A702285148E9000EF315 /* Debug */,
				7A53A703285148E9000EF315 /* Release */,
			);
			defaultConfigurationIsVisible = 0;
			defaultConfigurationName = Release;
		};
		7A53A704285148E9000EF315 /* Build configuration list for PBXNativeTarget "Political Iniquisition (macOS)" */ = {
			isa = XCConfigurationList;
			buildConfigurations = (
				7A53A705285148E9000EF315 /* Debug */,
				7A53A706285148E9000EF315 /* Release */,
			);
			defaultConfigurationIsVisible = 0;
			defaultConfigurationName = Release;
		};
		7A53A707285148E9000EF315 /* Build configuration list for PBXNativeTarget "Tests iOS" */ = {
			isa = XCConfigurationList;
			buildConfigurations = (
				7A53A708285148E9000EF315 /* Debug */,
				7A53A709285148E9000EF315 /* Release */,
			);
			defaultConfigurationIsVisible = 0;
			defaultConfigurationName = Release;
		};
		7A53A70A285148E9000EF315 /* Build configuration list for PBXNativeTarget "Tests macOS" */ = {
			isa = XCConfigurationList;
			buildConfigurations = (
				7A53A70B285148E9000EF315 /* Debug */,
				7A53A70C285148E9000EF315 /* Release */,
			);
			defaultConfigurationIsVisible = 0;
			defaultConfigurationName = Release;
		};
/* End XCConfigurationList section */
	};
	rootObject = 7A53A6CC285148E7000EF315 /* Project object */;
}
